<?xml version="1.0" encoding="utf-8"?>
<Project ToolsVersion="4.0" xmlns="http://schemas.microsoft.com/developer/msbuild/2003">
  <ItemGroup>
    <Filter Include="Source Files">
      <UniqueIdentifier>{4FC737F1-C7A5-4376-A066-2A32D752A2FF}</UniqueIdentifier>
      <Extensions>cpp;c;cc;cxx;def;odl;idl;hpj;bat;asm;asmx</Extensions>
    </Filter>
    <Filter Include="Header Files">
      <UniqueIdentifier>{93995380-89BD-4b04-88EB-625FBE52EBFB}</UniqueIdentifier>
      <Extensions>h;hh;hpp;hxx;hm;inl;inc;xsd</Extensions>
    </Filter>
    <Filter Include="Resource Files">
      <UniqueIdentifier>{67DA6AB6-F800-4c08-8B7A-83BB121AAD01}</UniqueIdentifier>
      <Extensions>rc;ico;cur;bmp;dlg;rc2;rct;bin;rgs;gif;jpg;jpeg;jpe;resx;tiff;tif;png;wav;mfcribbon-ms</Extensions>
    </Filter>
    <Filter Include="Header Files\tiles">
      <UniqueIdentifier>{a66649dc-6237-47b8-a97d-a8146898482f}</UniqueIdentifier>
    </Filter>
    <Filter Include="Source Files\tiles">
      <UniqueIdentifier>{839d856c-aa08-437a-ae4b-1725eab51d50}</UniqueIdentifier>
    </Filter>
    <Filter Include="Header Files\buildings">
      <UniqueIdentifier>{be9245be-0f9d-498e-b476-85b2aa3ec0fa}</UniqueIdentifier>
    </Filter>
    <Filter Include="Source Files\buildings">
      <UniqueIdentifier>{92357c38-37e6-4a39-b7ff-8ef782e24bbc}</UniqueIdentifier>
    </Filter>
  </ItemGroup>
  <ItemGroup>
    <ClCompile Include="main.cpp">
      <Filter>Source Files</Filter>
    </ClCompile>
    <ClCompile Include="game.cpp">
      <Filter>Source Files</Filter>
    </ClCompile>
    <ClCompile Include="imagemanager.cpp">
      <Filter>Source Files</Filter>
    </ClCompile>
    <ClCompile Include="camera.cpp">
      <Filter>Source Files</Filter>
    </ClCompile>
    <ClCompile Include="tile.cpp">
      <Filter>Source Files\tiles</Filter>
    </ClCompile>
    <ClCompile Include="uimanager.cpp">
      <Filter>Source Files</Filter>
    </ClCompile>
    <ClCompile Include="buildingmanager.cpp">
      <Filter>Source Files</Filter>
    </ClCompile>
    <ClCompile Include="building.cpp">
      <Filter>Source Files\buildings</Filter>
    </ClCompile>
    <ClCompile Include="powerplant.cpp">
      <Filter>Source Files\buildings</Filter>
    </ClCompile>
    <ClCompile Include="powerpole.cpp">
      <Filter>Source Files\buildings</Filter>
    </ClCompile>
    <ClCompile Include="zonemanager.cpp">
      <Filter>Source Files</Filter>
    </ClCompile>
  </ItemGroup>
  <ItemGroup>
    <ClInclude Include="game.h">
      <Filter>Header Files</Filter>
    </ClInclude>
    <ClInclude Include="imagemanager.h">
      <Filter>Header Files</Filter>
    </ClInclude>
    <ClInclude Include="camera.h">
      <Filter>Header Files</Filter>
    </ClInclude>
    <ClInclude Include="tile.h">
      <Filter>Header Files\tiles</Filter>
    </ClInclude>
    <ClInclude Include="uimanager.h">
      <Filter>Header Files</Filter>
    </ClInclude>
    <ClInclude Include="buildingmanager.h">
      <Filter>Header Files</Filter>
    </ClInclude>
    <ClInclude Include="building.h">
      <Filter>Header Files\buildings</Filter>
    </ClInclude>
    <ClInclude Include="powerplant.h">
      <Filter>Header Files\buildings</Filter>
    </ClInclude>
    <ClInclude Include="powerpole.h">
      <Filter>Header Files\buildings</Filter>
    </ClInclude>
    <ClInclude Include="zonemanager.h">
      <Filter>Header Files</Filter>
    </ClInclude>
  </ItemGroup>
</Project>