<?xml version="1.0" encoding="utf-8"?>
<Project ToolsVersion="4.0" xmlns="http://schemas.microsoft.com/developer/msbuild/2003">
  <ItemGroup>
    <Filter Include="Source Files">
      <UniqueIdentifier>{4FC737F1-C7A5-4376-A066-2A32D752A2FF}</UniqueIdentifier>
      <Extensions>cpp;c;cc;cxx;def;odl;idl;hpj;bat;asm;asmx</Extensions>
    </Filter>
    <Filter Include="Header Files">
      <UniqueIdentifier>{93995380-89BD-4b04-88EB-625FBE52EBFB}</UniqueIdentifier>
      <Extensions>h;hh;hpp;hxx;hm;inl;inc;xsd</Extensions>
    </Filter>
    <Filter Include="Resource Files">
      <UniqueIdentifier>{67DA6AB6-F800-4c08-8B7A-83BB121AAD01}</UniqueIdentifier>
      <Extensions>rc;ico;cur;bmp;dlg;rc2;rct;bin;rgs;gif;jpg;jpeg;jpe;resx;tiff;tif;png;wav;mfcribbon-ms</Extensions>
    </Filter>
    <Filter Include="Header Files\tiles">
      <UniqueIdentifier>{a66649dc-6237-47b8-a97d-a8146898482f}</UniqueIdentifier>
    </Filter>
    <Filter Include="Source Files\tiles">
      <UniqueIdentifier>{839d856c-aa08-437a-ae4b-1725eab51d50}</UniqueIdentifier>
    </Filter>
    <Filter Include="Header Files\buildings">
      <UniqueIdentifier>{be9245be-0f9d-498e-b476-85b2aa3ec0fa}</UniqueIdentifier>
    </Filter>
    <Filter Include="Source Files\buildings">
      <UniqueIdentifier>{92357c38-37e6-4a39-b7ff-8ef782e24bbc}</UniqueIdentifier>
    </Filter>
    <Filter Include="Header Files\particles">
      <UniqueIdentifier>{1d0e9166-a5f2-4474-b9ef-f68cee927fee}</UniqueIdentifier>
    </Filter>
    <Filter Include="Source Files\particles">
      <UniqueIdentifier>{843b3e37-b00c-4002-8354-56c78386f1e6}</UniqueIdentifier>
    </Filter>
    <Filter Include="Header Files\util">
      <UniqueIdentifier>{ea0826a0-1c27-4d3d-8833-b31309b35eeb}</UniqueIdentifier>
    </Filter>
    <Filter Include="Source Files\util">
      <UniqueIdentifier>{329ee780-7f1f-4cff-99eb-17f30f4bad87}</UniqueIdentifier>
    </Filter>
  </ItemGroup>
  <ItemGroup>
    <ClCompile Include="main.cpp">
      <Filter>Source Files</Filter>
    </ClCompile>
    <ClCompile Include="game.cpp">
      <Filter>Source Files</Filter>
    </ClCompile>
    <ClCompile Include="imagemanager.cpp">
      <Filter>Source Files</Filter>
    </ClCompile>
    <ClCompile Include="camera.cpp">
      <Filter>Source Files</Filter>
    </ClCompile>
    <ClCompile Include="tile.cpp">
      <Filter>Source Files\tiles</Filter>
    </ClCompile>
    <ClCompile Include="uimanager.cpp">
      <Filter>Source Files</Filter>
    </ClCompile>
    <ClCompile Include="buildingmanager.cpp">
      <Filter>Source Files</Filter>
    </ClCompile>
    <ClCompile Include="building.cpp">
      <Filter>Source Files\buildings</Filter>
    </ClCompile>
    <ClCompile Include="powerplant.cpp">
      <Filter>Source Files\buildings</Filter>
    </ClCompile>
    <ClCompile Include="powerpole.cpp">
      <Filter>Source Files\buildings</Filter>
    </ClCompile>
    <ClCompile Include="smokeparticle.cpp">
      <Filter>Source Files\particles</Filter>
    </ClCompile>
    <ClCompile Include="particle.cpp">
      <Filter>Source Files\particles</Filter>
    </ClCompile>
    <ClCompile Include="road.cpp">
      <Filter>Source Files\buildings</Filter>
    </ClCompile>
    <ClCompile Include="roadmanager.cpp">
      <Filter>Source Files</Filter>
    </ClCompile>
    <ClCompile Include="savemanager.cpp">
      <Filter>Source Files</Filter>
    </ClCompile>
    <ClCompile Include="vector2.cpp">
      <Filter>Source Files\util</Filter>
    </ClCompile>
    <ClCompile Include="random.cpp">
      <Filter>Source Files\util</Filter>
    </ClCompile>
    <ClCompile Include="tilemanager.cpp">
      <Filter>Source Files</Filter>
    </ClCompile>
    <ClCompile Include="house.cpp">
      <Filter>Source Files\buildings</Filter>
    </ClCompile>
  </ItemGroup>
  <ItemGroup>
    <ClInclude Include="game.h">
      <Filter>Header Files</Filter>
    </ClInclude>
    <ClInclude Include="imagemanager.h">
      <Filter>Header Files</Filter>
    </ClInclude>
    <ClInclude Include="camera.h">
      <Filter>Header Files</Filter>
    </ClInclude>
    <ClInclude Include="tile.h">
      <Filter>Header Files\tiles</Filter>
    </ClInclude>
    <ClInclude Include="uimanager.h">
      <Filter>Header Files</Filter>
    </ClInclude>
    <ClInclude Include="buildingmanager.h">
      <Filter>Header Files</Filter>
    </ClInclude>
    <ClInclude Include="building.h">
      <Filter>Header Files\buildings</Filter>
    </ClInclude>
    <ClInclude Include="powerplant.h">
      <Filter>Header Files\buildings</Filter>
    </ClInclude>
    <ClInclude Include="powerpole.h">
      <Filter>Header Files\buildings</Filter>
    </ClInclude>
    <ClInclude Include="particle.h">
      <Filter>Header Files\particles</Filter>
    </ClInclude>
    <ClInclude Include="smokeparticle.h">
      <Filter>Header Files\particles</Filter>
    </ClInclude>
    <ClInclude Include="road.h">
      <Filter>Header Files\buildings</Filter>
    </ClInclude>
    <ClInclude Include="roadmanager.h">
      <Filter>Header Files</Filter>
    </ClInclude>
    <ClInclude Include="savemanager.h">
      <Filter>Header Files</Filter>
    </ClInclude>
    <ClInclude Include="vector2.h">
      <Filter>Header Files\util</Filter>
    </ClInclude>
    <ClInclude Include="random.h">
      <Filter>Header Files\util</Filter>
    </ClInclude>
    <ClInclude Include="tilemanager.h">
      <Filter>Header Files</Filter>
    </ClInclude>
    <ClInclude Include="house.h">
      <Filter>Header Files\buildings</Filter>
    </ClInclude>
  </ItemGroup>
</Project>